
Microsoft Visual Studio Solution File, Format Version 12.00
# Visual Studio 2013
VisualStudioVersion = 12.0.30324.0
MinimumVisualStudioVersion = 10.0.40219.1
Project("{FAE04EC0-301F-11D3-BF4B-00C04F79EFBC}") = "Hefesoft.Entities.Odontologia", "..\Hefesoft.Entities.Odontologia\Hefesoft.Entities.Odontologia.csproj", "{B6817929-A852-471D-8BE3-5D9DEDD02B7E}"
EndProject
Project("{FAE04EC0-301F-11D3-BF4B-00C04F79EFBC}") = "Hefesoft.Usuario", "..\Hefesoft.Entities.Usuario\Hefesoft.Usuario.csproj", "{F6E9726E-6319-40F6-BCCF-1E6795770AC4}"
EndProject
Project("{FAE04EC0-301F-11D3-BF4B-00C04F79EFBC}") = "Hefesoft.Pdf.Entities", "..\Hefesoft.Pdf.Entities\Hefesoft.Pdf.Entities.csproj", "{9C2C8537-8DCE-462C-8132-5BEC3C45EBDA}"
EndProject
Global
	GlobalSection(SolutionConfigurationPlatforms) = preSolution
		Debug|Any CPU = Debug|Any CPU
		Release|Any CPU = Release|Any CPU
	EndGlobalSection
	GlobalSection(ProjectConfigurationPlatforms) = postSolution
		{B6817929-A852-471D-8BE3-5D9DEDD02B7E}.Debug|Any CPU.ActiveCfg = Debug|Any CPU
		{B6817929-A852-471D-8BE3-5D9DEDD02B7E}.Debug|Any CPU.Build.0 = Debug|Any CPU
		{B6817929-A852-471D-8BE3-5D9DEDD02B7E}.Release|Any CPU.ActiveCfg = Release|Any CPU
		{B6817929-A852-471D-8BE3-5D9DEDD02B7E}.Release|Any CPU.Build.0 = Release|Any CPU
		{F6E9726E-6319-40F6-BCCF-1E6795770AC4}.Debug|Any CPU.ActiveCfg = Debug|Any CPU
		{F6E9726E-6319-40F6-BCCF-1E6795770AC4}.Debug|Any CPU.Build.0 = Debug|Any CPU
		{F6E9726E-6319-40F6-BCCF-1E6795770AC4}.Release|Any CPU.ActiveCfg = Release|Any CPU
		{F6E9726E-6319-40F6-BCCF-1E6795770AC4}.Release|Any CPU.Build.0 = Release|Any CPU
		{9C2C8537-8DCE-462C-8132-5BEC3C45EBDA}.Debug|Any CPU.ActiveCfg = Debug|Any CPU
		{9C2C8537-8DCE-462C-8132-5BEC3C45EBDA}.Debug|Any CPU.Build.0 = Debug|Any CPU
		{9C2C8537-8DCE-462C-8132-5BEC3C45EBDA}.Release|Any CPU.ActiveCfg = Release|Any CPU
		{9C2C8537-8DCE-462C-8132-5BEC3C45EBDA}.Release|Any CPU.Build.0 = Release|Any CPU
	EndGlobalSection
	GlobalSection(SolutionProperties) = preSolution
		HideSolutionNode = FALSE
	EndGlobalSection
EndGlobal
