
Microsoft Visual Studio Solution File, Format Version 12.00
# Visual Studio 2013
VisualStudioVersion = 12.0.30324.0
MinimumVisualStudioVersion = 10.0.40219.1
Project("{FAE04EC0-301F-11D3-BF4B-00C04F79EFBC}") = "Cnt.Panacea.Xap.Odontologia.Vm", "..\..\Cnt.Panacea.Xap.Odontologia.Vm\Cnt.Panacea.Xap.Odontologia.Vm.csproj", "{C41C8CBB-B458-4567-8834-89516213D2CE}"
EndProject
Project("{FAE04EC0-301F-11D3-BF4B-00C04F79EFBC}") = "App2", "Cnt.Panacea.Xap.Odontologia.W8\App2.csproj", "{26408F57-A86D-4D7D-BCBA-BC580BF63E67}"
EndProject
Project("{FAE04EC0-301F-11D3-BF4B-00C04F79EFBC}") = "Dto", "Dto\Dto.csproj", "{706CD8CB-D160-443C-AC3F-F3201AA67A24}"
EndProject
Project("{FAE04EC0-301F-11D3-BF4B-00C04F79EFBC}") = "Hefesoft.Entities.Odontologia", "Hefesoft.Entities.Odontologia\Hefesoft.Entities.Odontologia.csproj", "{B6817929-A852-471D-8BE3-5D9DEDD02B7E}"
EndProject
Project("{FAE04EC0-301F-11D3-BF4B-00C04F79EFBC}") = "Hefesoft.Portable.xml", "Hefesoft.Portable.xml\Hefesoft.Portable.xml.csproj", "{450A6BBE-E963-4CAD-8454-976C224D910F}"
EndProject
Project("{FAE04EC0-301F-11D3-BF4B-00C04F79EFBC}") = "Hefesoft.Portable.Crypto", "Hefesoft.Portable.Crypto\Hefesoft.Portable.Crypto.csproj", "{F3D9B690-F76A-4D8F-BB82-D34BADE1A056}"
EndProject
Global
	GlobalSection(SolutionConfigurationPlatforms) = preSolution
		Debug|Any CPU = Debug|Any CPU
		Debug|ARM = Debug|ARM
		Debug|x64 = Debug|x64
		Debug|x86 = Debug|x86
		Release|Any CPU = Release|Any CPU
		Release|ARM = Release|ARM
		Release|x64 = Release|x64
		Release|x86 = Release|x86
	EndGlobalSection
	GlobalSection(ProjectConfigurationPlatforms) = postSolution
		{C41C8CBB-B458-4567-8834-89516213D2CE}.Debug|Any CPU.ActiveCfg = Debug|Any CPU
		{C41C8CBB-B458-4567-8834-89516213D2CE}.Debug|Any CPU.Build.0 = Debug|Any CPU
		{C41C8CBB-B458-4567-8834-89516213D2CE}.Debug|ARM.ActiveCfg = Debug|Any CPU
		{C41C8CBB-B458-4567-8834-89516213D2CE}.Debug|x64.ActiveCfg = Debug|Any CPU
		{C41C8CBB-B458-4567-8834-89516213D2CE}.Debug|x86.ActiveCfg = Debug|Any CPU
		{C41C8CBB-B458-4567-8834-89516213D2CE}.Release|Any CPU.ActiveCfg = Release|Any CPU
		{C41C8CBB-B458-4567-8834-89516213D2CE}.Release|Any CPU.Build.0 = Release|Any CPU
		{C41C8CBB-B458-4567-8834-89516213D2CE}.Release|ARM.ActiveCfg = Release|Any CPU
		{C41C8CBB-B458-4567-8834-89516213D2CE}.Release|x64.ActiveCfg = Release|Any CPU
		{C41C8CBB-B458-4567-8834-89516213D2CE}.Release|x86.ActiveCfg = Release|Any CPU
		{26408F57-A86D-4D7D-BCBA-BC580BF63E67}.Debug|Any CPU.ActiveCfg = Debug|Any CPU
		{26408F57-A86D-4D7D-BCBA-BC580BF63E67}.Debug|Any CPU.Build.0 = Debug|Any CPU
		{26408F57-A86D-4D7D-BCBA-BC580BF63E67}.Debug|Any CPU.Deploy.0 = Debug|Any CPU
		{26408F57-A86D-4D7D-BCBA-BC580BF63E67}.Debug|ARM.ActiveCfg = Debug|ARM
		{26408F57-A86D-4D7D-BCBA-BC580BF63E67}.Debug|ARM.Build.0 = Debug|ARM
		{26408F57-A86D-4D7D-BCBA-BC580BF63E67}.Debug|ARM.Deploy.0 = Debug|ARM
		{26408F57-A86D-4D7D-BCBA-BC580BF63E67}.Debug|x64.ActiveCfg = Debug|x64
		{26408F57-A86D-4D7D-BCBA-BC580BF63E67}.Debug|x64.Build.0 = Debug|x64
		{26408F57-A86D-4D7D-BCBA-BC580BF63E67}.Debug|x64.Deploy.0 = Debug|x64
		{26408F57-A86D-4D7D-BCBA-BC580BF63E67}.Debug|x86.ActiveCfg = Debug|x86
		{26408F57-A86D-4D7D-BCBA-BC580BF63E67}.Debug|x86.Build.0 = Debug|x86
		{26408F57-A86D-4D7D-BCBA-BC580BF63E67}.Debug|x86.Deploy.0 = Debug|x86
		{26408F57-A86D-4D7D-BCBA-BC580BF63E67}.Release|Any CPU.ActiveCfg = Release|Any CPU
		{26408F57-A86D-4D7D-BCBA-BC580BF63E67}.Release|Any CPU.Build.0 = Release|Any CPU
		{26408F57-A86D-4D7D-BCBA-BC580BF63E67}.Release|Any CPU.Deploy.0 = Release|Any CPU
		{26408F57-A86D-4D7D-BCBA-BC580BF63E67}.Release|ARM.ActiveCfg = Release|ARM
		{26408F57-A86D-4D7D-BCBA-BC580BF63E67}.Release|ARM.Build.0 = Release|ARM
		{26408F57-A86D-4D7D-BCBA-BC580BF63E67}.Release|ARM.Deploy.0 = Release|ARM
		{26408F57-A86D-4D7D-BCBA-BC580BF63E67}.Release|x64.ActiveCfg = Release|x64
		{26408F57-A86D-4D7D-BCBA-BC580BF63E67}.Release|x64.Build.0 = Release|x64
		{26408F57-A86D-4D7D-BCBA-BC580BF63E67}.Release|x64.Deploy.0 = Release|x64
		{26408F57-A86D-4D7D-BCBA-BC580BF63E67}.Release|x86.ActiveCfg = Release|x86
		{26408F57-A86D-4D7D-BCBA-BC580BF63E67}.Release|x86.Build.0 = Release|x86
		{26408F57-A86D-4D7D-BCBA-BC580BF63E67}.Release|x86.Deploy.0 = Release|x86
		{706CD8CB-D160-443C-AC3F-F3201AA67A24}.Debug|Any CPU.ActiveCfg = Debug|Any CPU
		{706CD8CB-D160-443C-AC3F-F3201AA67A24}.Debug|Any CPU.Build.0 = Debug|Any CPU
		{706CD8CB-D160-443C-AC3F-F3201AA67A24}.Debug|ARM.ActiveCfg = Debug|Any CPU
		{706CD8CB-D160-443C-AC3F-F3201AA67A24}.Debug|x64.ActiveCfg = Debug|Any CPU
		{706CD8CB-D160-443C-AC3F-F3201AA67A24}.Debug|x86.ActiveCfg = Debug|Any CPU
		{706CD8CB-D160-443C-AC3F-F3201AA67A24}.Release|Any CPU.ActiveCfg = Release|Any CPU
		{706CD8CB-D160-443C-AC3F-F3201AA67A24}.Release|Any CPU.Build.0 = Release|Any CPU
		{706CD8CB-D160-443C-AC3F-F3201AA67A24}.Release|ARM.ActiveCfg = Release|Any CPU
		{706CD8CB-D160-443C-AC3F-F3201AA67A24}.Release|x64.ActiveCfg = Release|Any CPU
		{706CD8CB-D160-443C-AC3F-F3201AA67A24}.Release|x86.ActiveCfg = Release|Any CPU
		{B6817929-A852-471D-8BE3-5D9DEDD02B7E}.Debug|Any CPU.ActiveCfg = Debug|Any CPU
		{B6817929-A852-471D-8BE3-5D9DEDD02B7E}.Debug|Any CPU.Build.0 = Debug|Any CPU
		{B6817929-A852-471D-8BE3-5D9DEDD02B7E}.Debug|ARM.ActiveCfg = Debug|Any CPU
		{B6817929-A852-471D-8BE3-5D9DEDD02B7E}.Debug|x64.ActiveCfg = Debug|Any CPU
		{B6817929-A852-471D-8BE3-5D9DEDD02B7E}.Debug|x86.ActiveCfg = Debug|Any CPU
		{B6817929-A852-471D-8BE3-5D9DEDD02B7E}.Release|Any CPU.ActiveCfg = Release|Any CPU
		{B6817929-A852-471D-8BE3-5D9DEDD02B7E}.Release|Any CPU.Build.0 = Release|Any CPU
		{B6817929-A852-471D-8BE3-5D9DEDD02B7E}.Release|ARM.ActiveCfg = Release|Any CPU
		{B6817929-A852-471D-8BE3-5D9DEDD02B7E}.Release|x64.ActiveCfg = Release|Any CPU
		{B6817929-A852-471D-8BE3-5D9DEDD02B7E}.Release|x86.ActiveCfg = Release|Any CPU
		{450A6BBE-E963-4CAD-8454-976C224D910F}.Debug|Any CPU.ActiveCfg = Debug|Any CPU
		{450A6BBE-E963-4CAD-8454-976C224D910F}.Debug|ARM.ActiveCfg = Debug|Any CPU
		{450A6BBE-E963-4CAD-8454-976C224D910F}.Debug|x64.ActiveCfg = Debug|Any CPU
		{450A6BBE-E963-4CAD-8454-976C224D910F}.Debug|x86.ActiveCfg = Debug|Any CPU
		{450A6BBE-E963-4CAD-8454-976C224D910F}.Release|Any CPU.ActiveCfg = Release|Any CPU
		{450A6BBE-E963-4CAD-8454-976C224D910F}.Release|Any CPU.Build.0 = Release|Any CPU
		{450A6BBE-E963-4CAD-8454-976C224D910F}.Release|ARM.ActiveCfg = Release|Any CPU
		{450A6BBE-E963-4CAD-8454-976C224D910F}.Release|x64.ActiveCfg = Release|Any CPU
		{450A6BBE-E963-4CAD-8454-976C224D910F}.Release|x86.ActiveCfg = Release|Any CPU
		{F3D9B690-F76A-4D8F-BB82-D34BADE1A056}.Debug|Any CPU.ActiveCfg = Debug|Any CPU
		{F3D9B690-F76A-4D8F-BB82-D34BADE1A056}.Debug|Any CPU.Build.0 = Debug|Any CPU
		{F3D9B690-F76A-4D8F-BB82-D34BADE1A056}.Debug|ARM.ActiveCfg = Debug|Any CPU
		{F3D9B690-F76A-4D8F-BB82-D34BADE1A056}.Debug|x64.ActiveCfg = Debug|Any CPU
		{F3D9B690-F76A-4D8F-BB82-D34BADE1A056}.Debug|x86.ActiveCfg = Debug|Any CPU
		{F3D9B690-F76A-4D8F-BB82-D34BADE1A056}.Release|Any CPU.ActiveCfg = Release|Any CPU
		{F3D9B690-F76A-4D8F-BB82-D34BADE1A056}.Release|Any CPU.Build.0 = Release|Any CPU
		{F3D9B690-F76A-4D8F-BB82-D34BADE1A056}.Release|ARM.ActiveCfg = Release|Any CPU
		{F3D9B690-F76A-4D8F-BB82-D34BADE1A056}.Release|x64.ActiveCfg = Release|Any CPU
		{F3D9B690-F76A-4D8F-BB82-D34BADE1A056}.Release|x86.ActiveCfg = Release|Any CPU
	EndGlobalSection
	GlobalSection(SolutionProperties) = preSolution
		HideSolutionNode = FALSE
	EndGlobalSection
EndGlobal
